// !$*UTF8*$!
{
	archiveVersion = 1;
	classes = {
	};
	objectVersion = 46;
	objects = {

/* Begin PBXBuildFile section */
		4AD3DD731BC181920000B0BE /* AppDelegate.swift in Sources */ = {isa = PBXBuildFile; fileRef = 4AD3DD721BC181920000B0BE /* AppDelegate.swift */; };
		4AD3DD751BC181920000B0BE /* ViewController.swift in Sources */ = {isa = PBXBuildFile; fileRef = 4AD3DD741BC181920000B0BE /* ViewController.swift */; };
		4AD3DD781BC181920000B0BE /* Main.storyboard in Resources */ = {isa = PBXBuildFile; fileRef = 4AD3DD761BC181920000B0BE /* Main.storyboard */; };
		4AD3DD7A1BC181920000B0BE /* Images.xcassets in Resources */ = {isa = PBXBuildFile; fileRef = 4AD3DD791BC181920000B0BE /* Images.xcassets */; };
		4AD3DD7D1BC181920000B0BE /* LaunchScreen.xib in Resources */ = {isa = PBXBuildFile; fileRef = 4AD3DD7B1BC181920000B0BE /* LaunchScreen.xib */; };
		4AD3DD891BC181920000B0BE /* TEST_AUTOLAYOUTTests.swift in Sources */ = {isa = PBXBuildFile; fileRef = 4AD3DD881BC181920000B0BE /* TEST_AUTOLAYOUTTests.swift */; };
/* End PBXBuildFile section */

/* Begin PBXContainerItemProxy section */
		4AD3DD831BC181920000B0BE /* PBXContainerItemProxy */ = {
			isa = PBXContainerItemProxy;
			containerPortal = 4AD3DD651BC181920000B0BE /* Project object */;
			proxyType = 1;
			remoteGlobalIDString = 4AD3DD6C1BC181920000B0BE;
			remoteInfo = TEST_AUTOLAYOUT;
		};
/* End PBXContainerItemProxy section */

/* Begin PBXFileReference section */
		4AD3DD6D1BC181920000B0BE /* TEST_AUTOLAYOUT.app */ = {isa = PBXFileReference; explicitFileType = wrapper.application; includeInIndex = 0; path = TEST_AUTOLAYOUT.app; sourceTree = BUILT_PRODUCTS_DIR; };
		4AD3DD711BC181920000B0BE /* Info.plist */ = {isa = PBXFileReference; lastKnownFileType = text.plist.xml; path = Info.plist; sourceTree = "<group>"; };
		4AD3DD721BC181920000B0BE /* AppDelegate.swift */ = {isa = PBXFileReference; lastKnownFileType = sourcecode.swift; path = AppDelegate.swift; sourceTree = "<group>"; };
		4AD3DD741BC181920000B0BE /* ViewController.swift */ = {isa = PBXFileReference; lastKnownFileType = sourcecode.swift; path = ViewController.swift; sourceTree = "<group>"; };
		4AD3DD771BC181920000B0BE /* Base */ = {isa = PBXFileReference; lastKnownFileType = file.storyboard; name = Base; path = Base.lproj/Main.storyboard; sourceTree = "<group>"; };
		4AD3DD791BC181920000B0BE /* Images.xcassets */ = {isa = PBXFileReference; lastKnownFileType = folder.assetcatalog; path = Images.xcassets; sourceTree = "<group>"; };
		4AD3DD7C1BC181920000B0BE /* Base */ = {isa = PBXFileReference; lastKnownFileType = file.xib; name = Base; path = Base.lproj/LaunchScreen.xib; sourceTree = "<group>"; };
		4AD3DD821BC181920000B0BE /* TEST_AUTOLAYOUTTests.xctest */ = {isa = PBXFileReference; explicitFileType = wrapper.cfbundle; includeInIndex = 0; path = TEST_AUTOLAYOUTTests.xctest; sourceTree = BUILT_PRODUCTS_DIR; };
		4AD3DD871BC181920000B0BE /* Info.plist */ = {isa = PBXFileReference; lastKnownFileType = text.plist.xml; path = Info.plist; sourceTree = "<group>"; };
		4AD3DD881BC181920000B0BE /* TEST_AUTOLAYOUTTests.swift */ = {isa = PBXFileReference; lastKnownFileType = sourcecode.swift; path = TEST_AUTOLAYOUTTests.swift; sourceTree = "<group>"; };
/* End PBXFileReference section */

/* Begin PBXFrameworksBuildPhase section */
		4AD3DD6A1BC181920000B0BE /* Frameworks */ = {
			isa = PBXFrameworksBuildPhase;
			buildActionMask = 2147483647;
			files = (
			);
			runOnlyForDeploymentPostprocessing = 0;
		};
		4AD3DD7F1BC181920000B0BE /* Frameworks */ = {
			isa = PBXFrameworksBuildPhase;
			buildActionMask = 2147483647;
			files = (
			);
			runOnlyForDeploymentPostprocessing = 0;
		};
/* End PBXFrameworksBuildPhase section */

/* Begin PBXGroup section */
		4AD3DD641BC181920000B0BE = {
			isa = PBXGroup;
			children = (
				4AD3DD6F1BC181920000B0BE /* TEST_AUTOLAYOUT */,
				4AD3DD851BC181920000B0BE /* TEST_AUTOLAYOUTTests */,
				4AD3DD6E1BC181920000B0BE /* Products */,
			);
			sourceTree = "<group>";
		};
		4AD3DD6E1BC181920000B0BE /* Products */ = {
			isa = PBXGroup;
			children = (
				4AD3DD6D1BC181920000B0BE /* TEST_AUTOLAYOUT.app */,
				4AD3DD821BC181920000B0BE /* TEST_AUTOLAYOUTTests.xctest */,
			);
			name = Products;
			sourceTree = "<group>";
		};
		4AD3DD6F1BC181920000B0BE /* TEST_AUTOLAYOUT */ = {
			isa = PBXGroup;
			children = (
				4AD3DD721BC181920000B0BE /* AppDelegate.swift */,
				4AD3DD741BC181920000B0BE /* ViewController.swift */,
				4AD3DD761BC181920000B0BE /* Main.storyboard */,
				4AD3DD791BC181920000B0BE /* Images.xcassets */,
				4AD3DD7B1BC181920000B0BE /* LaunchScreen.xib */,
				4AD3DD701BC181920000B0BE /* Supporting Files */,
			);
			path = TEST_AUTOLAYOUT;
			sourceTree = "<group>";
		};
		4AD3DD701BC181920000B0BE /* Supporting Files */ = {
			isa = PBXGroup;
			children = (
				4AD3DD711BC181920000B0BE /* Info.plist */,
			);
			name = "Supporting Files";
			sourceTree = "<group>";
		};
		4AD3DD851BC181920000B0BE /* TEST_AUTOLAYOUTTests */ = {
			isa = PBXGroup;
			children = (
				4AD3DD881BC181920000B0BE /* TEST_AUTOLAYOUTTests.swift */,
				4AD3DD861BC181920000B0BE /* Supporting Files */,
			);
			path = TEST_AUTOLAYOUTTests;
			sourceTree = "<group>";
		};
		4AD3DD861BC181920000B0BE /* Supporting Files */ = {
			isa = PBXGroup;
			children = (
				4AD3DD871BC181920000B0BE /* Info.plist */,
			);
			name = "Supporting Files";
			sourceTree = "<group>";
		};
/* End PBXGroup section */

/* Begin PBXNativeTarget section */
		4AD3DD6C1BC181920000B0BE /* TEST_AUTOLAYOUT */ = {
			isa = PBXNativeTarget;
			buildConfigurationList = 4AD3DD8C1BC181920000B0BE /* Build configuration list for PBXNativeTarget "TEST_AUTOLAYOUT" */;
			buildPhases = (
				4AD3DD691BC181920000B0BE /* Sources */,
				4AD3DD6A1BC181920000B0BE /* Frameworks */,
				4AD3DD6B1BC181920000B0BE /* Resources */,
			);
			buildRules = (
			);
			dependencies = (
			);
			name = TEST_AUTOLAYOUT;
			productName = TEST_AUTOLAYOUT;
			productReference = 4AD3DD6D1BC181920000B0BE /* TEST_AUTOLAYOUT.app */;
			productType = "com.apple.product-type.application";
		};
		4AD3DD811BC181920000B0BE /* TEST_AUTOLAYOUTTests */ = {
			isa = PBXNativeTarget;
			buildConfigurationList = 4AD3DD8F1BC181920000B0BE /* Build configuration list for PBXNativeTarget "TEST_AUTOLAYOUTTests" */;
			buildPhases = (
				4AD3DD7E1BC181920000B0BE /* Sources */,
				4AD3DD7F1BC181920000B0BE /* Frameworks */,
				4AD3DD801BC181920000B0BE /* Resources */,
			);
			buildRules = (
			);
			dependencies = (
				4AD3DD841BC181920000B0BE /* PBXTargetDependency */,
			);
			name = TEST_AUTOLAYOUTTests;
			productName = TEST_AUTOLAYOUTTests;
			productReference = 4AD3DD821BC181920000B0BE /* TEST_AUTOLAYOUTTests.xctest */;
			productType = "com.apple.product-type.bundle.unit-test";
		};
/* End PBXNativeTarget section */

/* Begin PBXProject section */
		4AD3DD651BC181920000B0BE /* Project object */ = {
			isa = PBXProject;
			attributes = {
				LastUpgradeCheck = 0640;
				ORGANIZATIONNAME = malls;
				TargetAttributes = {
					4AD3DD6C1BC181920000B0BE = {
						CreatedOnToolsVersion = 6.4;
					};
					4AD3DD811BC181920000B0BE = {
						CreatedOnToolsVersion = 6.4;
						TestTargetID = 4AD3DD6C1BC181920000B0BE;
					};
				};
			};
			buildConfigurationList = 4AD3DD681BC181920000B0BE /* Build configuration list for PBXProject "TEST_AUTOLAYOUT" */;
			compatibilityVersion = "Xcode 3.2";
			developmentRegion = English;
			hasScannedForEncodings = 0;
			knownRegions = (
				en,
				Base,
			);
			mainGroup = 4AD3DD641BC181920000B0BE;
			productRefGroup = 4AD3DD6E1BC181920000B0BE /* Products */;
			projectDirPath = "";
			projectRoot = "";
			targets = (
				4AD3DD6C1BC181920000B0BE /* TEST_AUTOLAYOUT */,
				4AD3DD811BC181920000B0BE /* TEST_AUTOLAYOUTTests */,
			);
		};
/* End PBXProject section */

/* Begin PBXResourcesBuildPhase section */
		4AD3DD6B1BC181920000B0BE /* Resources */ = {
			isa = PBXResourcesBuildPhase;
			buildActionMask = 2147483647;
			files = (
				4AD3DD781BC181920000B0BE /* Main.storyboard in Resources */,
				4AD3DD7D1BC181920000B0BE /* LaunchScreen.xib in Resources */,
				4AD3DD7A1BC181920000B0BE /* Images.xcassets in Resources */,
			);
			runOnlyForDeploymentPostprocessing = 0;
		};
		4AD3DD801BC181920000B0BE /* Resources */ = {
			isa = PBXResourcesBuildPhase;
			buildActionMask = 2147483647;
			files = (
			);
			runOnlyForDeploymentPostprocessing = 0;
		};
/* End PBXResourcesBuildPhase section */

/* Begin PBXSourcesBuildPhase section */
		4AD3DD691BC181920000B0BE /* Sources */ = {
			isa = PBXSourcesBuildPhase;
			buildActionMask = 2147483647;
			files = (
				4AD3DD751BC181920000B0BE /* ViewController.swift in Sources */,
				4AD3DD731BC181920000B0BE /* AppDelegate.swift in Sources */,
			);
			runOnlyForDeploymentPostprocessing = 0;
		};
		4AD3DD7E1BC181920000B0BE /* Sources */ = {
			isa = PBXSourcesBuildPhase;
			buildActionMask = 2147483647;
			files = (
				4AD3DD891BC181920000B0BE /* TEST_AUTOLAYOUTTests.swift in Sources */,
			);
			runOnlyForDeploymentPostprocessing = 0;
		};
/* End PBXSourcesBuildPhase section */

/* Begin PBXTargetDependency section */
		4AD3DD841BC181920000B0BE /* PBXTargetDependency */ = {
			isa = PBXTargetDependency;
			target = 4AD3DD6C1BC181920000B0BE /* TEST_AUTOLAYOUT */;
			targetProxy = 4AD3DD831BC181920000B0BE /* PBXContainerItemProxy */;
		};
/* End PBXTargetDependency section */

/* Begin PBXVariantGroup section */
		4AD3DD761BC181920000B0BE /* Main.storyboard */ = {
			isa = PBXVariantGroup;
			children = (
				4AD3DD771BC181920000B0BE /* Base */,
			);
			name = Main.storyboard;
			sourceTree = "<group>";
		};
		4AD3DD7B1BC181920000B0BE /* LaunchScreen.xib */ = {
			isa = PBXVariantGroup;
			children = (
				4AD3DD7C1BC181920000B0BE /* Base */,
			);
			name = LaunchScreen.xib;
			sourceTree = "<group>";
		};
/* End PBXVariantGroup section */

/* Begin XCBuildConfiguration section */
		4AD3DD8A1BC181920000B0BE /* Debug */ = {
			isa = XCBuildConfiguration;
			buildSettings = {
				ALWAYS_SEARCH_USER_PATHS = NO;
				CLANG_CXX_LANGUAGE_STANDARD = "gnu++0x";
				CLANG_CXX_LIBRARY = "libc++";
				CLANG_ENABLE_MODULES = YES;
				CLANG_ENABLE_OBJC_ARC = YES;
				CLANG_WARN_BOOL_CONVERSION = YES;
				CLANG_WARN_CONSTANT_CONVERSION = YES;
				CLANG_WARN_DIRECT_OBJC_ISA_USAGE = YES_ERROR;
				CLANG_WARN_EMPTY_BODY = YES;
				CLANG_WARN_ENUM_CONVERSION = YES;
				CLANG_WARN_INT_CONVERSION = YES;
				CLANG_WARN_OBJC_ROOT_CLASS = YES_ERROR;
				CLANG_WARN_UNREACHABLE_CODE = YES;
				CLANG_WARN__DUPLICATE_METHOD_MATCH = YES;
				"CODE_SIGN_IDENTITY[sdk=iphoneos*]" = "iPhone Developer";
				COPY_PHASE_STRIP = NO;
				DEBUG_INFORMATION_FORMAT = "dwarf-with-dsym";
				ENABLE_STRICT_OBJC_MSGSEND = YES;
				GCC_C_LANGUAGE_STANDARD = gnu99;
				GCC_DYNAMIC_NO_PIC = NO;
				GCC_NO_COMMON_BLOCKS = YES;
				GCC_OPTIMIZATION_LEVEL = 0;
				GCC_PREPROCESSOR_DEFINITIONS = (
					"DEBUG=1",
					"$(inherited)",
				);
				GCC_SYMBOLS_PRIVATE_EXTERN = NO;
				GCC_WARN_64_TO_32_BIT_CONVERSION = YES;
				GCC_WARN_ABOUT_RETURN_TYPE = YES_ERROR;
				GCC_WARN_UNDECLARED_SELECTOR = YES;
				GCC_WARN_UNINITIALIZED_AUTOS = YES_AGGRESSIVE;
				GCC_WARN_UNUSED_FUNCTION = YES;
				GCC_WARN_UNUSED_VARIABLE = YES;
				IPHONEOS_DEPLOYMENT_TARGET = 8.4;
				MTL_ENABLE_DEBUG_INFO = YES;
				ONLY_ACTIVE_ARCH = YES;
				SDKROOT = iphoneos;
				SWIFT_OPTIMIZATION_LEVEL = "-Onone";
			};
			name = Debug;
		};
		4AD3DD8B1BC181920000B0BE /* Release */ = {
			isa = XCBuildConfiguration;
			buildSettings = {
				ALWAYS_SEARCH_USER_PATHS = NO;
				CLANG_CXX_LANGUAGE_STANDARD = "gnu++0x";
				CLANG_CXX_LIBRARY = "libc++";
				CLANG_ENABLE_MODULES = YES;
				CLANG_ENABLE_OBJC_ARC = YES;
				CLANG_WARN_BOOL_CONVERSION = YES;
				CLANG_WARN_CONSTANT_CONVERSION = YES;
				CLANG_WARN_DIRECT_OBJC_ISA_USAGE = YES_ERROR;
				CLANG_WARN_EMPTY_BODY = YES;
				CLANG_WARN_ENUM_CONVERSION = YES;
				CLANG_WARN_INT_CONVERSION = YES;
				CLANG_WARN_OBJC_ROOT_CLASS = YES_ERROR;
				CLANG_WARN_UNREACHABLE_CODE = YES;
				CLANG_WARN__DUPLICATE_METHOD_MATCH = YES;
				"CODE_SIGN_IDENTITY[sdk=iphoneos*]" = "iPhone Developer";
				COPY_PHASE_STRIP = NO;
				DEBUG_INFORMATION_FORMAT = "dwarf-with-dsym";
				ENABLE_NS_ASSERTIONS = NO;
				ENABLE_STRICT_OBJC_MSGSEND = YES;
				GCC_C_LANGUAGE_STANDARD = gnu99;
				GCC_NO_COMMON_BLOCKS = YES;
				GCC_WARN_64_TO_32_BIT_CONVERSION = YES;
				GCC_WARN_ABOUT_RETURN_TYPE = YES_ERROR;
				GCC_WARN_UNDECLARED_SELECTOR = YES;
				GCC_WARN_UNINITIALIZED_AUTOS = YES_AGGRESSIVE;
				GCC_WARN_UNUSED_FUNCTION = YES;
				GCC_WARN_UNUSED_VARIABLE = YES;
				IPHONEOS_DEPLOYMENT_TARGET = 8.4;
				MTL_ENABLE_DEBUG_INFO = NO;
				SDKROOT = iphoneos;
				VALIDATE_PRODUCT = YES;
			};
			name = Release;
		};
		4AD3DD8D1BC181920000B0BE /* Debug */ = {
			isa = XCBuildConfiguration;
			buildSettings = {
				ASSETCATALOG_COMPILER_APPICON_NAME = AppIcon;
				INFOPLIST_FILE = TEST_AUTOLAYOUT/Info.plist;
				LD_RUNPATH_SEARCH_PATHS = "$(inherited) @executable_path/Frameworks";
				PRODUCT_NAME = "$(TARGET_NAME)";
			};
			name = Debug;
		};
		4AD3DD8E1BC181920000B0BE /* Release */ = {
			isa = XCBuildConfiguration;
			buildSettings = {
				ASSETCATALOG_COMPILER_APPICON_NAME = AppIcon;
				INFOPLIST_FILE = TEST_AUTOLAYOUT/Info.plist;
				LD_RUNPATH_SEARCH_PATHS = "$(inherited) @executable_path/Frameworks";
				PRODUCT_NAME = "$(TARGET_NAME)";
			};
			name = Release;
		};
		4AD3DD901BC181920000B0BE /* Debug */ = {
			isa = XCBuildConfiguration;
			buildSettings = {
				BUNDLE_LOADER = "$(TEST_HOST)";
				FRAMEWORK_SEARCH_PATHS = (
					"$(SDKROOT)/Developer/Library/Frameworks",
					"$(inherited)",
				);
				GCC_PREPROCESSOR_DEFINITIONS = (
					"DEBUG=1",
					"$(inherited)",
				);
				INFOPLIST_FILE = TEST_AUTOLAYOUTTests/Info.plist;
				LD_RUNPATH_SEARCH_PATHS = "$(inherited) @executable_path/Frameworks @loader_path/Frameworks";
				PRODUCT_NAME = "$(TARGET_NAME)";
				TEST_HOST = "$(BUILT_PRODUCTS_DIR)/TEST_AUTOLAYOUT.app/TEST_AUTOLAYOUT";
			};
			name = Debug;
		};
		4AD3DD911BC181920000B0BE /* Release */ = {
			isa = XCBuildConfiguration;
			buildSettings = {
				BUNDLE_LOADER = "$(TEST_HOST)";
				FRAMEWORK_SEARCH_PATHS = (
					"$(SDKROOT)/Developer/Library/Frameworks",
					"$(inherited)",
				);
				INFOPLIST_FILE = TEST_AUTOLAYOUTTests/Info.plist;
				LD_RUNPATH_SEARCH_PATHS = "$(inherited) @executable_path/Frameworks @loader_path/Frameworks";
				PRODUCT_NAME = "$(TARGET_NAME)";
				TEST_HOST = "$(BUILT_PRODUCTS_DIR)/TEST_AUTOLAYOUT.app/TEST_AUTOLAYOUT";
			};
			name = Release;
		};
/* End XCBuildConfiguration section */

/* Begin XCConfigurationList section */
		4AD3DD681BC181920000B0BE /* Build configuration list for PBXProject "TEST_AUTOLAYOUT" */ = {
			isa = XCConfigurationList;
			buildConfigurations = (
				4AD3DD8A1BC181920000B0BE /* Debug */,
				4AD3DD8B1BC181920000B0BE /* Release */,
			);
			defaultConfigurationIsVisible = 0;
			defaultConfigurationName = Release;
		};
		4AD3DD8C1BC181920000B0BE /* Build configuration list for PBXNativeTarget "TEST_AUTOLAYOUT" */ = {
			isa = XCConfigurationList;
			buildConfigurations = (
				4AD3DD8D1BC181920000B0BE /* Debug */,
				4AD3DD8E1BC181920000B0BE /* Release */,
			);
			defaultConfigurationIsVisible = 0;
		};
		4AD3DD8F1BC181920000B0BE /* Build configuration list for PBXNativeTarget "TEST_AUTOLAYOUTTests" */ = {
			isa = XCConfigurationList;
			buildConfigurations = (
				4AD3DD901BC181920000B0BE /* Debug */,
				4AD3DD911BC181920000B0BE /* Release */,
			);
			defaultConfigurationIsVisible = 0;
		};
/* End XCConfigurationList section */
	};
	rootObject = 4AD3DD651BC181920000B0BE /* Project object */;
}
